
Microsoft Visual Studio Solution File, Format Version 12.00
# Visual Studio 15
Project("{FAE04EC0-301F-11D3-BF4B-00C04F79EFBC}") = "Assembly-CSharp-Editor", "Assembly-CSharp-Editor.csproj", "{64B44EDB-008C-78BE-F6BA-84F6493EEDB1}"
EndProject
Project("{FAE04EC0-301F-11D3-BF4B-00C04F79EFBC}") = "Assembly-CSharp", "Assembly-CSharp.csproj", "{931D4373-6E82-4B44-EF16-FEBF444B7636}"
EndProject
Global
	GlobalSection(SolutionConfigurationPlatforms) = preSolution
		Debug|Any CPU = Debug|Any CPU
		Release|Any CPU = Release|Any CPU
	EndGlobalSection
	GlobalSection(ProjectConfigurationPlatforms) = postSolution
		{64B44EDB-008C-78BE-F6BA-84F6493EEDB1}.Debug|Any CPU.ActiveCfg = Debug|Any CPU
		{64B44EDB-008C-78BE-F6BA-84F6493EEDB1}.Debug|Any CPU.Build.0 = Debug|Any CPU
		{64B44EDB-008C-78BE-F6BA-84F6493EEDB1}.Release|Any CPU.ActiveCfg = Release|Any CPU
		{64B44EDB-008C-78BE-F6BA-84F6493EEDB1}.Release|Any CPU.Build.0 = Release|Any CPU
		{931D4373-6E82-4B44-EF16-FEBF444B7636}.Debug|Any CPU.ActiveCfg = Debug|Any CPU
		{931D4373-6E82-4B44-EF16-FEBF444B7636}.Debug|Any CPU.Build.0 = Debug|Any CPU
		{931D4373-6E82-4B44-EF16-FEBF444B7636}.Release|Any CPU.ActiveCfg = Release|Any CPU
		{931D4373-6E82-4B44-EF16-FEBF444B7636}.Release|Any CPU.Build.0 = Release|Any CPU
	EndGlobalSection
	GlobalSection(SolutionProperties) = preSolution
		HideSolutionNode = FALSE
	EndGlobalSection
EndGlobal
